# THIS IS AN AUTOGENERATED FILE. DO NOT EDIT THIS FILE DIRECTLY.
# yarn lockfile v1


json-test-utility@^0.3.5:
  version "0.3.5"
  resolved "https://registry.yarnpkg.com/json-test-utility/-/json-test-utility-0.3.5.tgz#b368527ac24770dcd07d6b5de2eac34c067071e3"
  integrity sha512-Wf+YYnK2jmAkyekkSV6qKSqM6pgKK9QgevSfchJDfpKK33WArihlmW4G3a+OTjleercjiV6iOkyqAFDVEz+otA==
  dependencies:
    lodash "^4.17.15"

lodash@^4.17.15:
  version "4.17.21"
  resolved "https://registry.yarnpkg.com/lodash/-/lodash-4.17.21.tgz#679591c564c3bffaae8454cf0b3df370c3d6911c"
  integrity sha512-v2kDEe57lecTulaDIuNTPy3Ry4gLGJ6Z1O3vE1krgXZNrsQ+LFTGHVxVjcXPs17LhbZVGedAJv8XZ1tvj5FvSg==
